
Microsoft Visual Studio Solution File, Format Version 12.00
# Visual Studio 15
Project("{FAE04EC0-301F-11D3-BF4B-00C04F79EFBC}") = "Zenject", "Zenject.csproj", "{6FB59247-DAE2-60B0-948D-321AFC9EACE5}"
EndProject
Project("{FAE04EC0-301F-11D3-BF4B-00C04F79EFBC}") = "Inventory", "Inventory.csproj", "{686D1676-4DBE-026F-5A17-24E1BF4865A3}"
EndProject
Project("{FAE04EC0-301F-11D3-BF4B-00C04F79EFBC}") = "Zenject-IntegrationTests-Editor", "Zenject-IntegrationTests-Editor.csproj", "{9DF7734A-6765-65E2-F1A8-EE180C7CFA96}"
EndProject
Project("{FAE04EC0-301F-11D3-BF4B-00C04F79EFBC}") = "Zenject-IntegrationTests", "Zenject-IntegrationTests.csproj", "{A74BBF77-4E82-7696-D128-C30D5DA10070}"
EndProject
Project("{FAE04EC0-301F-11D3-BF4B-00C04F79EFBC}") = "AbilitiesStates", "AbilitiesStates.csproj", "{64748B2A-3074-4D09-C37B-F0E60A08AD77}"
EndProject
Project("{FAE04EC0-301F-11D3-BF4B-00C04F79EFBC}") = "Projectiles", "Projectiles.csproj", "{F94D6195-88C7-2719-7184-EC5E896B9D3C}"
EndProject
Project("{FAE04EC0-301F-11D3-BF4B-00C04F79EFBC}") = "AI", "AI.csproj", "{99AF982B-B9AA-8AF6-C47D-943510703F9E}"
EndProject
Project("{FAE04EC0-301F-11D3-BF4B-00C04F79EFBC}") = "Camera", "Camera.csproj", "{3A54D67C-AC30-79B7-7F66-74E53254C8E0}"
EndProject
Project("{FAE04EC0-301F-11D3-BF4B-00C04F79EFBC}") = "Weapon", "Weapon.csproj", "{098C5D6C-8F74-D3C7-AB6F-34A74A2057B5}"
EndProject
Project("{FAE04EC0-301F-11D3-BF4B-00C04F79EFBC}") = "ObjectPoolingAssembly", "ObjectPoolingAssembly.csproj", "{1CC3F7E9-D898-0B6F-3901-7CDE84C54C1D}"
EndProject
Project("{FAE04EC0-301F-11D3-BF4B-00C04F79EFBC}") = "Tests", "Tests.csproj", "{19099AC1-760B-E3D0-D515-C0E792438197}"
EndProject
Project("{FAE04EC0-301F-11D3-BF4B-00C04F79EFBC}") = "Random", "Random.csproj", "{40337708-E7B8-5F9A-375E-563A60E662E4}"
EndProject
Project("{FAE04EC0-301F-11D3-BF4B-00C04F79EFBC}") = "AITests", "AITests.csproj", "{9DF8E8E8-0280-7894-FE95-E5DB03DB928D}"
EndProject
Project("{FAE04EC0-301F-11D3-BF4B-00C04F79EFBC}") = "StateMachine", "StateMachine.csproj", "{DC69A8E6-6DFE-C087-AA5C-8D1512D16CCE}"
EndProject
Project("{FAE04EC0-301F-11D3-BF4B-00C04F79EFBC}") = "Assembly-CSharp-firstpass", "Assembly-CSharp-firstpass.csproj", "{A93E1EFD-334C-5899-454C-8EAE40BC51B9}"
EndProject
Project("{FAE04EC0-301F-11D3-BF4B-00C04F79EFBC}") = "CharacterAbilities", "CharacterAbilities.csproj", "{C595FD02-0C9E-592B-DB63-137B5570013A}"
EndProject
Project("{FAE04EC0-301F-11D3-BF4B-00C04F79EFBC}") = "InventoryTests", "InventoryTests.csproj", "{84EBD149-E907-27A1-1F63-A4E7BA9D7145}"
EndProject
Project("{FAE04EC0-301F-11D3-BF4B-00C04F79EFBC}") = "CharacterAbilitiesTests", "CharacterAbilitiesTests.csproj", "{074BD7F3-E1BA-A7A3-7F31-D10252AA89F9}"
EndProject
Project("{FAE04EC0-301F-11D3-BF4B-00C04F79EFBC}") = "Stats", "Stats.csproj", "{989EB68C-FCA9-C7FD-3DB6-B50F9F992ACF}"
EndProject
Project("{FAE04EC0-301F-11D3-BF4B-00C04F79EFBC}") = "Zenject-PoolMonitor-Editor", "Zenject-PoolMonitor-Editor.csproj", "{D1E507EC-2E15-FA63-5EDC-8171A414BA62}"
EndProject
Project("{FAE04EC0-301F-11D3-BF4B-00C04F79EFBC}") = "Zenject-UnitTests-Editor", "Zenject-UnitTests-Editor.csproj", "{EF17E1F4-7818-9000-D7AA-0AD4FD1747FF}"
EndProject
Project("{FAE04EC0-301F-11D3-BF4B-00C04F79EFBC}") = "Zenject-ReflectionBaking-Editor", "Zenject-ReflectionBaking-Editor.csproj", "{01FD864F-7E71-579D-3BE1-913E773CD57D}"
EndProject
Project("{FAE04EC0-301F-11D3-BF4B-00C04F79EFBC}") = "Zenject-TestFramework", "Zenject-TestFramework.csproj", "{47EB61E2-9537-F668-8236-3F9B7A90680A}"
EndProject
Project("{FAE04EC0-301F-11D3-BF4B-00C04F79EFBC}") = "Zenject-Editor", "Zenject-Editor.csproj", "{DFB16454-741C-1BBC-BA9B-082FCEE25933}"
EndProject
Project("{FAE04EC0-301F-11D3-BF4B-00C04F79EFBC}") = "Sirenix.OdinInspector.Modules.UnityMathematics", "Sirenix.OdinInspector.Modules.UnityMathematics.csproj", "{79E10B64-7DFF-5D47-BBBA-BED28B201444}"
EndProject
Project("{FAE04EC0-301F-11D3-BF4B-00C04F79EFBC}") = "Assembly-CSharp-Editor", "Assembly-CSharp-Editor.csproj", "{3697533F-CC76-72AF-A015-77FAC08168BF}"
EndProject
Global
	GlobalSection(SolutionConfigurationPlatforms) = preSolution
		Debug|Any CPU = Debug|Any CPU
		Release|Any CPU = Release|Any CPU
	EndGlobalSection
	GlobalSection(ProjectConfigurationPlatforms) = postSolution
		{6FB59247-DAE2-60B0-948D-321AFC9EACE5}.Debug|Any CPU.ActiveCfg = Debug|Any CPU
		{6FB59247-DAE2-60B0-948D-321AFC9EACE5}.Debug|Any CPU.Build.0 = Debug|Any CPU
		{6FB59247-DAE2-60B0-948D-321AFC9EACE5}.Release|Any CPU.ActiveCfg = Release|Any CPU
		{6FB59247-DAE2-60B0-948D-321AFC9EACE5}.Release|Any CPU.Build.0 = Release|Any CPU
		{686D1676-4DBE-026F-5A17-24E1BF4865A3}.Debug|Any CPU.ActiveCfg = Debug|Any CPU
		{686D1676-4DBE-026F-5A17-24E1BF4865A3}.Debug|Any CPU.Build.0 = Debug|Any CPU
		{686D1676-4DBE-026F-5A17-24E1BF4865A3}.Release|Any CPU.ActiveCfg = Release|Any CPU
		{686D1676-4DBE-026F-5A17-24E1BF4865A3}.Release|Any CPU.Build.0 = Release|Any CPU
		{9DF7734A-6765-65E2-F1A8-EE180C7CFA96}.Debug|Any CPU.ActiveCfg = Debug|Any CPU
		{9DF7734A-6765-65E2-F1A8-EE180C7CFA96}.Debug|Any CPU.Build.0 = Debug|Any CPU
		{9DF7734A-6765-65E2-F1A8-EE180C7CFA96}.Release|Any CPU.ActiveCfg = Release|Any CPU
		{9DF7734A-6765-65E2-F1A8-EE180C7CFA96}.Release|Any CPU.Build.0 = Release|Any CPU
		{A74BBF77-4E82-7696-D128-C30D5DA10070}.Debug|Any CPU.ActiveCfg = Debug|Any CPU
		{A74BBF77-4E82-7696-D128-C30D5DA10070}.Debug|Any CPU.Build.0 = Debug|Any CPU
		{A74BBF77-4E82-7696-D128-C30D5DA10070}.Release|Any CPU.ActiveCfg = Release|Any CPU
		{A74BBF77-4E82-7696-D128-C30D5DA10070}.Release|Any CPU.Build.0 = Release|Any CPU
		{64748B2A-3074-4D09-C37B-F0E60A08AD77}.Debug|Any CPU.ActiveCfg = Debug|Any CPU
		{64748B2A-3074-4D09-C37B-F0E60A08AD77}.Debug|Any CPU.Build.0 = Debug|Any CPU
		{64748B2A-3074-4D09-C37B-F0E60A08AD77}.Release|Any CPU.ActiveCfg = Release|Any CPU
		{64748B2A-3074-4D09-C37B-F0E60A08AD77}.Release|Any CPU.Build.0 = Release|Any CPU
		{F94D6195-88C7-2719-7184-EC5E896B9D3C}.Debug|Any CPU.ActiveCfg = Debug|Any CPU
		{F94D6195-88C7-2719-7184-EC5E896B9D3C}.Debug|Any CPU.Build.0 = Debug|Any CPU
		{F94D6195-88C7-2719-7184-EC5E896B9D3C}.Release|Any CPU.ActiveCfg = Release|Any CPU
		{F94D6195-88C7-2719-7184-EC5E896B9D3C}.Release|Any CPU.Build.0 = Release|Any CPU
		{99AF982B-B9AA-8AF6-C47D-943510703F9E}.Debug|Any CPU.ActiveCfg = Debug|Any CPU
		{99AF982B-B9AA-8AF6-C47D-943510703F9E}.Debug|Any CPU.Build.0 = Debug|Any CPU
		{99AF982B-B9AA-8AF6-C47D-943510703F9E}.Release|Any CPU.ActiveCfg = Release|Any CPU
		{99AF982B-B9AA-8AF6-C47D-943510703F9E}.Release|Any CPU.Build.0 = Release|Any CPU
		{3A54D67C-AC30-79B7-7F66-74E53254C8E0}.Debug|Any CPU.ActiveCfg = Debug|Any CPU
		{3A54D67C-AC30-79B7-7F66-74E53254C8E0}.Debug|Any CPU.Build.0 = Debug|Any CPU
		{3A54D67C-AC30-79B7-7F66-74E53254C8E0}.Release|Any CPU.ActiveCfg = Release|Any CPU
		{3A54D67C-AC30-79B7-7F66-74E53254C8E0}.Release|Any CPU.Build.0 = Release|Any CPU
		{098C5D6C-8F74-D3C7-AB6F-34A74A2057B5}.Debug|Any CPU.ActiveCfg = Debug|Any CPU
		{098C5D6C-8F74-D3C7-AB6F-34A74A2057B5}.Debug|Any CPU.Build.0 = Debug|Any CPU
		{098C5D6C-8F74-D3C7-AB6F-34A74A2057B5}.Release|Any CPU.ActiveCfg = Release|Any CPU
		{098C5D6C-8F74-D3C7-AB6F-34A74A2057B5}.Release|Any CPU.Build.0 = Release|Any CPU
		{1CC3F7E9-D898-0B6F-3901-7CDE84C54C1D}.Debug|Any CPU.ActiveCfg = Debug|Any CPU
		{1CC3F7E9-D898-0B6F-3901-7CDE84C54C1D}.Debug|Any CPU.Build.0 = Debug|Any CPU
		{1CC3F7E9-D898-0B6F-3901-7CDE84C54C1D}.Release|Any CPU.ActiveCfg = Release|Any CPU
		{1CC3F7E9-D898-0B6F-3901-7CDE84C54C1D}.Release|Any CPU.Build.0 = Release|Any CPU
		{19099AC1-760B-E3D0-D515-C0E792438197}.Debug|Any CPU.ActiveCfg = Debug|Any CPU
		{19099AC1-760B-E3D0-D515-C0E792438197}.Debug|Any CPU.Build.0 = Debug|Any CPU
		{19099AC1-760B-E3D0-D515-C0E792438197}.Release|Any CPU.ActiveCfg = Release|Any CPU
		{19099AC1-760B-E3D0-D515-C0E792438197}.Release|Any CPU.Build.0 = Release|Any CPU
		{40337708-E7B8-5F9A-375E-563A60E662E4}.Debug|Any CPU.ActiveCfg = Debug|Any CPU
		{40337708-E7B8-5F9A-375E-563A60E662E4}.Debug|Any CPU.Build.0 = Debug|Any CPU
		{40337708-E7B8-5F9A-375E-563A60E662E4}.Release|Any CPU.ActiveCfg = Release|Any CPU
		{40337708-E7B8-5F9A-375E-563A60E662E4}.Release|Any CPU.Build.0 = Release|Any CPU
		{9DF8E8E8-0280-7894-FE95-E5DB03DB928D}.Debug|Any CPU.ActiveCfg = Debug|Any CPU
		{9DF8E8E8-0280-7894-FE95-E5DB03DB928D}.Debug|Any CPU.Build.0 = Debug|Any CPU
		{9DF8E8E8-0280-7894-FE95-E5DB03DB928D}.Release|Any CPU.ActiveCfg = Release|Any CPU
		{9DF8E8E8-0280-7894-FE95-E5DB03DB928D}.Release|Any CPU.Build.0 = Release|Any CPU
		{DC69A8E6-6DFE-C087-AA5C-8D1512D16CCE}.Debug|Any CPU.ActiveCfg = Debug|Any CPU
		{DC69A8E6-6DFE-C087-AA5C-8D1512D16CCE}.Debug|Any CPU.Build.0 = Debug|Any CPU
		{DC69A8E6-6DFE-C087-AA5C-8D1512D16CCE}.Release|Any CPU.ActiveCfg = Release|Any CPU
		{DC69A8E6-6DFE-C087-AA5C-8D1512D16CCE}.Release|Any CPU.Build.0 = Release|Any CPU
		{A93E1EFD-334C-5899-454C-8EAE40BC51B9}.Debug|Any CPU.ActiveCfg = Debug|Any CPU
		{A93E1EFD-334C-5899-454C-8EAE40BC51B9}.Debug|Any CPU.Build.0 = Debug|Any CPU
		{A93E1EFD-334C-5899-454C-8EAE40BC51B9}.Release|Any CPU.ActiveCfg = Release|Any CPU
		{A93E1EFD-334C-5899-454C-8EAE40BC51B9}.Release|Any CPU.Build.0 = Release|Any CPU
		{C595FD02-0C9E-592B-DB63-137B5570013A}.Debug|Any CPU.ActiveCfg = Debug|Any CPU
		{C595FD02-0C9E-592B-DB63-137B5570013A}.Debug|Any CPU.Build.0 = Debug|Any CPU
		{C595FD02-0C9E-592B-DB63-137B5570013A}.Release|Any CPU.ActiveCfg = Release|Any CPU
		{C595FD02-0C9E-592B-DB63-137B5570013A}.Release|Any CPU.Build.0 = Release|Any CPU
		{84EBD149-E907-27A1-1F63-A4E7BA9D7145}.Debug|Any CPU.ActiveCfg = Debug|Any CPU
		{84EBD149-E907-27A1-1F63-A4E7BA9D7145}.Debug|Any CPU.Build.0 = Debug|Any CPU
		{84EBD149-E907-27A1-1F63-A4E7BA9D7145}.Release|Any CPU.ActiveCfg = Release|Any CPU
		{84EBD149-E907-27A1-1F63-A4E7BA9D7145}.Release|Any CPU.Build.0 = Release|Any CPU
		{074BD7F3-E1BA-A7A3-7F31-D10252AA89F9}.Debug|Any CPU.ActiveCfg = Debug|Any CPU
		{074BD7F3-E1BA-A7A3-7F31-D10252AA89F9}.Debug|Any CPU.Build.0 = Debug|Any CPU
		{074BD7F3-E1BA-A7A3-7F31-D10252AA89F9}.Release|Any CPU.ActiveCfg = Release|Any CPU
		{074BD7F3-E1BA-A7A3-7F31-D10252AA89F9}.Release|Any CPU.Build.0 = Release|Any CPU
		{989EB68C-FCA9-C7FD-3DB6-B50F9F992ACF}.Debug|Any CPU.ActiveCfg = Debug|Any CPU
		{989EB68C-FCA9-C7FD-3DB6-B50F9F992ACF}.Debug|Any CPU.Build.0 = Debug|Any CPU
		{989EB68C-FCA9-C7FD-3DB6-B50F9F992ACF}.Release|Any CPU.ActiveCfg = Release|Any CPU
		{989EB68C-FCA9-C7FD-3DB6-B50F9F992ACF}.Release|Any CPU.Build.0 = Release|Any CPU
		{D1E507EC-2E15-FA63-5EDC-8171A414BA62}.Debug|Any CPU.ActiveCfg = Debug|Any CPU
		{D1E507EC-2E15-FA63-5EDC-8171A414BA62}.Debug|Any CPU.Build.0 = Debug|Any CPU
		{D1E507EC-2E15-FA63-5EDC-8171A414BA62}.Release|Any CPU.ActiveCfg = Release|Any CPU
		{D1E507EC-2E15-FA63-5EDC-8171A414BA62}.Release|Any CPU.Build.0 = Release|Any CPU
		{EF17E1F4-7818-9000-D7AA-0AD4FD1747FF}.Debug|Any CPU.ActiveCfg = Debug|Any CPU
		{EF17E1F4-7818-9000-D7AA-0AD4FD1747FF}.Debug|Any CPU.Build.0 = Debug|Any CPU
		{EF17E1F4-7818-9000-D7AA-0AD4FD1747FF}.Release|Any CPU.ActiveCfg = Release|Any CPU
		{EF17E1F4-7818-9000-D7AA-0AD4FD1747FF}.Release|Any CPU.Build.0 = Release|Any CPU
		{01FD864F-7E71-579D-3BE1-913E773CD57D}.Debug|Any CPU.ActiveCfg = Debug|Any CPU
		{01FD864F-7E71-579D-3BE1-913E773CD57D}.Debug|Any CPU.Build.0 = Debug|Any CPU
		{01FD864F-7E71-579D-3BE1-913E773CD57D}.Release|Any CPU.ActiveCfg = Release|Any CPU
		{01FD864F-7E71-579D-3BE1-913E773CD57D}.Release|Any CPU.Build.0 = Release|Any CPU
		{47EB61E2-9537-F668-8236-3F9B7A90680A}.Debug|Any CPU.ActiveCfg = Debug|Any CPU
		{47EB61E2-9537-F668-8236-3F9B7A90680A}.Debug|Any CPU.Build.0 = Debug|Any CPU
		{47EB61E2-9537-F668-8236-3F9B7A90680A}.Release|Any CPU.ActiveCfg = Release|Any CPU
		{47EB61E2-9537-F668-8236-3F9B7A90680A}.Release|Any CPU.Build.0 = Release|Any CPU
		{DFB16454-741C-1BBC-BA9B-082FCEE25933}.Debug|Any CPU.ActiveCfg = Debug|Any CPU
		{DFB16454-741C-1BBC-BA9B-082FCEE25933}.Debug|Any CPU.Build.0 = Debug|Any CPU
		{DFB16454-741C-1BBC-BA9B-082FCEE25933}.Release|Any CPU.ActiveCfg = Release|Any CPU
		{DFB16454-741C-1BBC-BA9B-082FCEE25933}.Release|Any CPU.Build.0 = Release|Any CPU
		{79E10B64-7DFF-5D47-BBBA-BED28B201444}.Debug|Any CPU.ActiveCfg = Debug|Any CPU
		{79E10B64-7DFF-5D47-BBBA-BED28B201444}.Debug|Any CPU.Build.0 = Debug|Any CPU
		{79E10B64-7DFF-5D47-BBBA-BED28B201444}.Release|Any CPU.ActiveCfg = Release|Any CPU
		{79E10B64-7DFF-5D47-BBBA-BED28B201444}.Release|Any CPU.Build.0 = Release|Any CPU
		{3697533F-CC76-72AF-A015-77FAC08168BF}.Debug|Any CPU.ActiveCfg = Debug|Any CPU
		{3697533F-CC76-72AF-A015-77FAC08168BF}.Debug|Any CPU.Build.0 = Debug|Any CPU
		{3697533F-CC76-72AF-A015-77FAC08168BF}.Release|Any CPU.ActiveCfg = Release|Any CPU
		{3697533F-CC76-72AF-A015-77FAC08168BF}.Release|Any CPU.Build.0 = Release|Any CPU
	EndGlobalSection
	GlobalSection(SolutionProperties) = preSolution
		HideSolutionNode = FALSE
	EndGlobalSection
EndGlobal
